
Microsoft Visual Studio Solution File, Format Version 12.00
# Visual Studio 2013
VisualStudioVersion = 12.0.31101.0
MinimumVisualStudioVersion = 10.0.40219.1
Project("{8BC9CEB8-8B4A-11D0-8D11-00A0C91BC942}") = "fgets", "fgets\fgets.vcxproj", "{8C51A9B5-FE0B-44F8-BD95-6EB70E587852}"
EndProject
Global
	GlobalSection(SolutionConfigurationPlatforms) = preSolution
		Debug|Win32 = Debug|Win32
		Release|Win32 = Release|Win32
	EndGlobalSection
	GlobalSection(ProjectConfigurationPlatforms) = postSolution
		{8C51A9B5-FE0B-44F8-BD95-6EB70E587852}.Debug|Win32.ActiveCfg = Debug|Win32
		{8C51A9B5-FE0B-44F8-BD95-6EB70E587852}.Debug|Win32.Build.0 = Debug|Win32
		{8C51A9B5-FE0B-44F8-BD95-6EB70E587852}.Release|Win32.ActiveCfg = Release|Win32
		{8C51A9B5-FE0B-44F8-BD95-6EB70E587852}.Release|Win32.Build.0 = Release|Win32
	EndGlobalSection
	GlobalSection(SolutionProperties) = preSolution
		HideSolutionNode = FALSE
	EndGlobalSection
EndGlobal
